
Microsoft Visual Studio Solution File, Format Version 12.00
# Visual Studio Version 16
VisualStudioVersion = 16.0.30320.27
MinimumVisualStudioVersion = 10.0.40219.1
Project("{9A19103F-16F7-4668-BE54-9A1E7A4F7556}") = "Atomus.Page.Browser.DefaultBrowser(dotNetStandard)", "dotNetStandard\Atomus.Page.Browser.DefaultBrowser(dotNetStandard).csproj", "{020A9E3D-C2AE-4E5F-9E43-62EA94A2E316}"
EndProject
Global
	GlobalSection(SolutionConfigurationPlatforms) = preSolution
		Debug|Any CPU = Debug|Any CPU
		Release|Any CPU = Release|Any CPU
	EndGlobalSection
	GlobalSection(ProjectConfigurationPlatforms) = postSolution
		{020A9E3D-C2AE-4E5F-9E43-62EA94A2E316}.Debug|Any CPU.ActiveCfg = Debug|Any CPU
		{020A9E3D-C2AE-4E5F-9E43-62EA94A2E316}.Debug|Any CPU.Build.0 = Debug|Any CPU
		{020A9E3D-C2AE-4E5F-9E43-62EA94A2E316}.Release|Any CPU.ActiveCfg = Release|Any CPU
		{020A9E3D-C2AE-4E5F-9E43-62EA94A2E316}.Release|Any CPU.Build.0 = Release|Any CPU
	EndGlobalSection
	GlobalSection(SolutionProperties) = preSolution
		HideSolutionNode = FALSE
	EndGlobalSection
	GlobalSection(ExtensibilityGlobals) = postSolution
		SolutionGuid = {6D96786B-26B5-4C70-A171-75D75695890A}
	EndGlobalSection
EndGlobal
